
Microsoft Visual Studio Solution File, Format Version 12.00
# Visual Studio 2013
VisualStudioVersion = 12.0.40629.0
MinimumVisualStudioVersion = 10.0.40219.1
Project("{FAE04EC0-301F-11D3-BF4B-00C04F79EFBC}") = "Logqso.mvc.domain", "Logqso.Mvc.domain\Logqso.mvc.domain.csproj", "{F04ADB7B-8297-4E4A-A2B8-146C89E0C91E}"
EndProject
Project("{FAE04EC0-301F-11D3-BF4B-00C04F79EFBC}") = "Logqso.mvc.domain.test", "logqso.mvc.domain.test\Logqso.mvc.domain.test.csproj", "{22AB553B-4BBD-401F-9898-492586EF9930}"
EndProject
Project("{FAE04EC0-301F-11D3-BF4B-00C04F79EFBC}") = "Logqso.mvc.common", "logqso.mvc.common\Logqso.mvc.common.csproj", "{7D8DAD53-FC2E-4812-A636-BE213A28FB0F}"
EndProject
Project("{FAE04EC0-301F-11D3-BF4B-00C04F79EFBC}") = "Logqso.mvc.Exceptions", "Logqso.mvc.Exceptions\Logqso.mvc.Exceptions.csproj", "{02DEF490-76F3-445D-BD43-85AC13D0E9D9}"
EndProject
Project("{FAE04EC0-301F-11D3-BF4B-00C04F79EFBC}") = "Logqso.mvc.ui", "Logqso.mvc.ui\Logqso.mvc.ui.csproj", "{47F9908A-3A59-4F11-BA74-73239426E313}"
EndProject
Project("{FAE04EC0-301F-11D3-BF4B-00C04F79EFBC}") = "Logqso.mvc.Entities", "Logqso.mvc.Entities\Logqso.mvc.Entities.csproj", "{C6E19EB6-8334-4D08-811A-2742701628E7}"
EndProject
Project("{FAE04EC0-301F-11D3-BF4B-00C04F79EFBC}") = "Logqso.mvc.DataModel", "Logqso.mvc.DataModel\Logqso.mvc.DataModel.csproj", "{816AA619-9AC6-441F-80BA-D155904BCB1D}"
EndProject
Project("{FAE04EC0-301F-11D3-BF4B-00C04F79EFBC}") = "Logqso.mvc.Resolver MEF", "Resolver MEF\Logqso.mvc.Resolver MEF.csproj", "{BE14DC55-A8F1-4DB8-B009-BCC9B3599BF0}"
EndProject
Project("{2150E333-8FDC-42A3-9474-1A3956D46DE8}") = "FrameWork", "FrameWork", "{66B97AC5-4443-4D62-A561-113238C6B3F6}"
EndProject
Project("{FAE04EC0-301F-11D3-BF4B-00C04F79EFBC}") = "Logqso.Repository", "Logqso.Repository\Logqso.Repository.csproj", "{B3A00FCF-B6BC-4269-B75A-EDD91480D7AA}"
EndProject
Project("{FAE04EC0-301F-11D3-BF4B-00C04F79EFBC}") = "Logqso.WebApi", "Logqso.WebApi\Logqso.WebApi.csproj", "{C9B82E82-EC99-4E4F-A91A-030943ED87A9}"
EndProject
Project("{FAE04EC0-301F-11D3-BF4B-00C04F79EFBC}") = "Service.Pattern", "URF\Service.Pattern\Service.Pattern.csproj", "{575DD511-E5EF-4163-BF97-D3FCFCF14A00}"
EndProject
Project("{FAE04EC0-301F-11D3-BF4B-00C04F79EFBC}") = "Repository.Pattern", "URF\Repository.Pattern\Repository.Pattern.csproj", "{6E682A14-C872-4813-B620-76E108DEA683}"
EndProject
Project("{FAE04EC0-301F-11D3-BF4B-00C04F79EFBC}") = "Repository.Pattern.Ef6", "URF\Repository.Pattern.Ef6\Repository.Pattern.Ef6.csproj", "{F68A1D19-93FB-47C1-A22B-42BEA3E4FD8C}"
EndProject
Project("{FAE04EC0-301F-11D3-BF4B-00C04F79EFBC}") = "Infrastructure", "URF\Infrastructure\Infrastructure.csproj", "{14B91C4E-7B93-42C8-AFB1-D7983E7AD6A3}"
EndProject
Project("{FAE04EC0-301F-11D3-BF4B-00C04F79EFBC}") = "Logqso.mvc.Dto", "Logqso.mvc.Dto\Logqso.mvc.Dto.csproj", "{D0FF7B8B-5F4F-49D2-9940-E6948653D70E}"
EndProject
Project("{FAE04EC0-301F-11D3-BF4B-00C04F79EFBC}") = "Repository.Pattern.Extensions", "Repositary.Pattern.Extenions\Repository.Pattern.Extensions.csproj", "{413B4310-D3BC-4239-AD69-3048497426D4}"
EndProject
Global
	GlobalSection(SolutionConfigurationPlatforms) = preSolution
		ContestQso1n1Debug|Any CPU = ContestQso1n1Debug|Any CPU
		ContestQso1n1Debug|x86 = ContestQso1n1Debug|x86
		ContestQsoDebug|Any CPU = ContestQsoDebug|Any CPU
		ContestQsoDebug|x86 = ContestQsoDebug|x86
		ContestQsoRelease|Any CPU = ContestQsoRelease|Any CPU
		ContestQsoRelease|x86 = ContestQsoRelease|x86
		ContestQsoSql2012|Any CPU = ContestQsoSql2012|Any CPU
		ContestQsoSql2012|x86 = ContestQsoSql2012|x86
		ContestQsoSql2012Rel|Any CPU = ContestQsoSql2012Rel|Any CPU
		ContestQsoSql2012Rel|x86 = ContestQsoSql2012Rel|x86
		Debug|Any CPU = Debug|Any CPU
		Debug|x86 = Debug|x86
		Release|Any CPU = Release|Any CPU
		Release|x86 = Release|x86
	EndGlobalSection
	GlobalSection(ProjectConfigurationPlatforms) = postSolution
		{F04ADB7B-8297-4E4A-A2B8-146C89E0C91E}.ContestQso1n1Debug|Any CPU.ActiveCfg = ContestQso1n1Debug|Any CPU
		{F04ADB7B-8297-4E4A-A2B8-146C89E0C91E}.ContestQso1n1Debug|Any CPU.Build.0 = ContestQso1n1Debug|Any CPU
		{F04ADB7B-8297-4E4A-A2B8-146C89E0C91E}.ContestQso1n1Debug|x86.ActiveCfg = ContestQso1n1Debug|Any CPU
		{F04ADB7B-8297-4E4A-A2B8-146C89E0C91E}.ContestQsoDebug|Any CPU.ActiveCfg = ContestQsoDebug|Any CPU
		{F04ADB7B-8297-4E4A-A2B8-146C89E0C91E}.ContestQsoDebug|Any CPU.Build.0 = ContestQsoDebug|Any CPU
		{F04ADB7B-8297-4E4A-A2B8-146C89E0C91E}.ContestQsoDebug|x86.ActiveCfg = ContestQsoDebug|Any CPU
		{F04ADB7B-8297-4E4A-A2B8-146C89E0C91E}.ContestQsoRelease|Any CPU.ActiveCfg = ContestQsoRelease|Any CPU
		{F04ADB7B-8297-4E4A-A2B8-146C89E0C91E}.ContestQsoRelease|Any CPU.Build.0 = ContestQsoRelease|Any CPU
		{F04ADB7B-8297-4E4A-A2B8-146C89E0C91E}.ContestQsoRelease|x86.ActiveCfg = ContestQsoRelease|Any CPU
		{F04ADB7B-8297-4E4A-A2B8-146C89E0C91E}.ContestQsoSql2012|Any CPU.ActiveCfg = ContestQsoSql2012|Any CPU
		{F04ADB7B-8297-4E4A-A2B8-146C89E0C91E}.ContestQsoSql2012|Any CPU.Build.0 = ContestQsoSql2012|Any CPU
		{F04ADB7B-8297-4E4A-A2B8-146C89E0C91E}.ContestQsoSql2012|x86.ActiveCfg = ContestQsoSql2012|Any CPU
		{F04ADB7B-8297-4E4A-A2B8-146C89E0C91E}.ContestQsoSql2012Rel|Any CPU.ActiveCfg = ContestQsoSql2012Rel|Any CPU
		{F04ADB7B-8297-4E4A-A2B8-146C89E0C91E}.ContestQsoSql2012Rel|Any CPU.Build.0 = ContestQsoSql2012Rel|Any CPU
		{F04ADB7B-8297-4E4A-A2B8-146C89E0C91E}.ContestQsoSql2012Rel|x86.ActiveCfg = ContestQsoSql2012Rel|Any CPU
		{F04ADB7B-8297-4E4A-A2B8-146C89E0C91E}.Debug|Any CPU.ActiveCfg = Debug|Any CPU
		{F04ADB7B-8297-4E4A-A2B8-146C89E0C91E}.Debug|Any CPU.Build.0 = Debug|Any CPU
		{F04ADB7B-8297-4E4A-A2B8-146C89E0C91E}.Debug|x86.ActiveCfg = Debug|Any CPU
		{F04ADB7B-8297-4E4A-A2B8-146C89E0C91E}.Release|Any CPU.ActiveCfg = Release|Any CPU
		{F04ADB7B-8297-4E4A-A2B8-146C89E0C91E}.Release|Any CPU.Build.0 = Release|Any CPU
		{F04ADB7B-8297-4E4A-A2B8-146C89E0C91E}.Release|x86.ActiveCfg = Release|Any CPU
		{22AB553B-4BBD-401F-9898-492586EF9930}.ContestQso1n1Debug|Any CPU.ActiveCfg = ContestQso1n1Debug|Any CPU
		{22AB553B-4BBD-401F-9898-492586EF9930}.ContestQso1n1Debug|Any CPU.Build.0 = ContestQso1n1Debug|Any CPU
		{22AB553B-4BBD-401F-9898-492586EF9930}.ContestQso1n1Debug|x86.ActiveCfg = ContestQso1n1Debug|Any CPU
		{22AB553B-4BBD-401F-9898-492586EF9930}.ContestQsoDebug|Any CPU.ActiveCfg = ContestQsoDebug|Any CPU
		{22AB553B-4BBD-401F-9898-492586EF9930}.ContestQsoDebug|Any CPU.Build.0 = ContestQsoDebug|Any CPU
		{22AB553B-4BBD-401F-9898-492586EF9930}.ContestQsoDebug|x86.ActiveCfg = ContestQsoDebug|Any CPU
		{22AB553B-4BBD-401F-9898-492586EF9930}.ContestQsoRelease|Any CPU.ActiveCfg = ContestQsoRelease|Any CPU
		{22AB553B-4BBD-401F-9898-492586EF9930}.ContestQsoRelease|Any CPU.Build.0 = ContestQsoRelease|Any CPU
		{22AB553B-4BBD-401F-9898-492586EF9930}.ContestQsoRelease|x86.ActiveCfg = ContestQsoRelease|Any CPU
		{22AB553B-4BBD-401F-9898-492586EF9930}.ContestQsoSql2012|Any CPU.ActiveCfg = ContestQsoSql2012|Any CPU
		{22AB553B-4BBD-401F-9898-492586EF9930}.ContestQsoSql2012|Any CPU.Build.0 = ContestQsoSql2012|Any CPU
		{22AB553B-4BBD-401F-9898-492586EF9930}.ContestQsoSql2012|x86.ActiveCfg = ContestQsoSql2012|Any CPU
		{22AB553B-4BBD-401F-9898-492586EF9930}.ContestQsoSql2012Rel|Any CPU.ActiveCfg = ContestQsoSql2012Rel|Any CPU
		{22AB553B-4BBD-401F-9898-492586EF9930}.ContestQsoSql2012Rel|Any CPU.Build.0 = ContestQsoSql2012Rel|Any CPU
		{22AB553B-4BBD-401F-9898-492586EF9930}.ContestQsoSql2012Rel|x86.ActiveCfg = ContestQsoSql2012Rel|Any CPU
		{22AB553B-4BBD-401F-9898-492586EF9930}.Debug|Any CPU.ActiveCfg = Debug|Any CPU
		{22AB553B-4BBD-401F-9898-492586EF9930}.Debug|Any CPU.Build.0 = Debug|Any CPU
		{22AB553B-4BBD-401F-9898-492586EF9930}.Debug|x86.ActiveCfg = Debug|Any CPU
		{22AB553B-4BBD-401F-9898-492586EF9930}.Release|Any CPU.ActiveCfg = Release|Any CPU
		{22AB553B-4BBD-401F-9898-492586EF9930}.Release|Any CPU.Build.0 = Release|Any CPU
		{22AB553B-4BBD-401F-9898-492586EF9930}.Release|x86.ActiveCfg = Release|Any CPU
		{7D8DAD53-FC2E-4812-A636-BE213A28FB0F}.ContestQso1n1Debug|Any CPU.ActiveCfg = ContestQso1n1Debug|Any CPU
		{7D8DAD53-FC2E-4812-A636-BE213A28FB0F}.ContestQso1n1Debug|Any CPU.Build.0 = ContestQso1n1Debug|Any CPU
		{7D8DAD53-FC2E-4812-A636-BE213A28FB0F}.ContestQso1n1Debug|x86.ActiveCfg = ContestQso1n1Debug|Any CPU
		{7D8DAD53-FC2E-4812-A636-BE213A28FB0F}.ContestQsoDebug|Any CPU.ActiveCfg = ContestQsoDebug|Any CPU
		{7D8DAD53-FC2E-4812-A636-BE213A28FB0F}.ContestQsoDebug|Any CPU.Build.0 = ContestQsoDebug|Any CPU
		{7D8DAD53-FC2E-4812-A636-BE213A28FB0F}.ContestQsoDebug|x86.ActiveCfg = ContestQsoDebug|Any CPU
		{7D8DAD53-FC2E-4812-A636-BE213A28FB0F}.ContestQsoRelease|Any CPU.ActiveCfg = ContestQsoRelease|Any CPU
		{7D8DAD53-FC2E-4812-A636-BE213A28FB0F}.ContestQsoRelease|Any CPU.Build.0 = ContestQsoRelease|Any CPU
		{7D8DAD53-FC2E-4812-A636-BE213A28FB0F}.ContestQsoRelease|x86.ActiveCfg = ContestQsoRelease|Any CPU
		{7D8DAD53-FC2E-4812-A636-BE213A28FB0F}.ContestQsoSql2012|Any CPU.ActiveCfg = ContestQsoSql2012|Any CPU
		{7D8DAD53-FC2E-4812-A636-BE213A28FB0F}.ContestQsoSql2012|Any CPU.Build.0 = ContestQsoSql2012|Any CPU
		{7D8DAD53-FC2E-4812-A636-BE213A28FB0F}.ContestQsoSql2012|x86.ActiveCfg = ContestQsoSql2012|Any CPU
		{7D8DAD53-FC2E-4812-A636-BE213A28FB0F}.ContestQsoSql2012Rel|Any CPU.ActiveCfg = ContestQsoSql2012Rel|Any CPU
		{7D8DAD53-FC2E-4812-A636-BE213A28FB0F}.ContestQsoSql2012Rel|Any CPU.Build.0 = ContestQsoSql2012Rel|Any CPU
		{7D8DAD53-FC2E-4812-A636-BE213A28FB0F}.ContestQsoSql2012Rel|x86.ActiveCfg = ContestQsoSql2012Rel|Any CPU
		{7D8DAD53-FC2E-4812-A636-BE213A28FB0F}.Debug|Any CPU.ActiveCfg = Debug|Any CPU
		{7D8DAD53-FC2E-4812-A636-BE213A28FB0F}.Debug|Any CPU.Build.0 = Debug|Any CPU
		{7D8DAD53-FC2E-4812-A636-BE213A28FB0F}.Debug|x86.ActiveCfg = Debug|Any CPU
		{7D8DAD53-FC2E-4812-A636-BE213A28FB0F}.Release|Any CPU.ActiveCfg = Release|Any CPU
		{7D8DAD53-FC2E-4812-A636-BE213A28FB0F}.Release|Any CPU.Build.0 = Release|Any CPU
		{7D8DAD53-FC2E-4812-A636-BE213A28FB0F}.Release|x86.ActiveCfg = Release|Any CPU
		{02DEF490-76F3-445D-BD43-85AC13D0E9D9}.ContestQso1n1Debug|Any CPU.ActiveCfg = ContestQso1n1Debug|Any CPU
		{02DEF490-76F3-445D-BD43-85AC13D0E9D9}.ContestQso1n1Debug|Any CPU.Build.0 = ContestQso1n1Debug|Any CPU
		{02DEF490-76F3-445D-BD43-85AC13D0E9D9}.ContestQso1n1Debug|x86.ActiveCfg = ContestQso1n1Debug|Any CPU
		{02DEF490-76F3-445D-BD43-85AC13D0E9D9}.ContestQsoDebug|Any CPU.ActiveCfg = ContestQsoDebug|Any CPU
		{02DEF490-76F3-445D-BD43-85AC13D0E9D9}.ContestQsoDebug|Any CPU.Build.0 = ContestQsoDebug|Any CPU
		{02DEF490-76F3-445D-BD43-85AC13D0E9D9}.ContestQsoDebug|x86.ActiveCfg = ContestQsoDebug|Any CPU
		{02DEF490-76F3-445D-BD43-85AC13D0E9D9}.ContestQsoRelease|Any CPU.ActiveCfg = ContestQsoRelease|Any CPU
		{02DEF490-76F3-445D-BD43-85AC13D0E9D9}.ContestQsoRelease|Any CPU.Build.0 = ContestQsoRelease|Any CPU
		{02DEF490-76F3-445D-BD43-85AC13D0E9D9}.ContestQsoRelease|x86.ActiveCfg = ContestQsoRelease|Any CPU
		{02DEF490-76F3-445D-BD43-85AC13D0E9D9}.ContestQsoSql2012|Any CPU.ActiveCfg = ContestQsoSql2012|Any CPU
		{02DEF490-76F3-445D-BD43-85AC13D0E9D9}.ContestQsoSql2012|Any CPU.Build.0 = ContestQsoSql2012|Any CPU
		{02DEF490-76F3-445D-BD43-85AC13D0E9D9}.ContestQsoSql2012|x86.ActiveCfg = ContestQsoSql2012|Any CPU
		{02DEF490-76F3-445D-BD43-85AC13D0E9D9}.ContestQsoSql2012Rel|Any CPU.ActiveCfg = ContestQsoSql2012Rel|Any CPU
		{02DEF490-76F3-445D-BD43-85AC13D0E9D9}.ContestQsoSql2012Rel|Any CPU.Build.0 = ContestQsoSql2012Rel|Any CPU
		{02DEF490-76F3-445D-BD43-85AC13D0E9D9}.ContestQsoSql2012Rel|x86.ActiveCfg = ContestQsoSql2012Rel|Any CPU
		{02DEF490-76F3-445D-BD43-85AC13D0E9D9}.Debug|Any CPU.ActiveCfg = Debug|Any CPU
		{02DEF490-76F3-445D-BD43-85AC13D0E9D9}.Debug|Any CPU.Build.0 = Debug|Any CPU
		{02DEF490-76F3-445D-BD43-85AC13D0E9D9}.Debug|x86.ActiveCfg = Debug|Any CPU
		{02DEF490-76F3-445D-BD43-85AC13D0E9D9}.Release|Any CPU.ActiveCfg = Release|Any CPU
		{02DEF490-76F3-445D-BD43-85AC13D0E9D9}.Release|Any CPU.Build.0 = Release|Any CPU
		{02DEF490-76F3-445D-BD43-85AC13D0E9D9}.Release|x86.ActiveCfg = Release|Any CPU
		{47F9908A-3A59-4F11-BA74-73239426E313}.ContestQso1n1Debug|Any CPU.ActiveCfg = ContestQso1n1Debug|Any CPU
		{47F9908A-3A59-4F11-BA74-73239426E313}.ContestQso1n1Debug|Any CPU.Build.0 = ContestQso1n1Debug|Any CPU
		{47F9908A-3A59-4F11-BA74-73239426E313}.ContestQso1n1Debug|x86.ActiveCfg = ContestQso1n1Debug|Any CPU
		{47F9908A-3A59-4F11-BA74-73239426E313}.ContestQsoDebug|Any CPU.ActiveCfg = ContestQsoDebug|Any CPU
		{47F9908A-3A59-4F11-BA74-73239426E313}.ContestQsoDebug|Any CPU.Build.0 = ContestQsoDebug|Any CPU
		{47F9908A-3A59-4F11-BA74-73239426E313}.ContestQsoDebug|x86.ActiveCfg = ContestQsoDebug|Any CPU
		{47F9908A-3A59-4F11-BA74-73239426E313}.ContestQsoRelease|Any CPU.ActiveCfg = ContestQsoRelease|Any CPU
		{47F9908A-3A59-4F11-BA74-73239426E313}.ContestQsoRelease|Any CPU.Build.0 = ContestQsoRelease|Any CPU
		{47F9908A-3A59-4F11-BA74-73239426E313}.ContestQsoRelease|x86.ActiveCfg = ContestQsoRelease|Any CPU
		{47F9908A-3A59-4F11-BA74-73239426E313}.ContestQsoSql2012|Any CPU.ActiveCfg = ContestQsoSql2012|Any CPU
		{47F9908A-3A59-4F11-BA74-73239426E313}.ContestQsoSql2012|Any CPU.Build.0 = ContestQsoSql2012|Any CPU
		{47F9908A-3A59-4F11-BA74-73239426E313}.ContestQsoSql2012|x86.ActiveCfg = ContestQsoSql2012|Any CPU
		{47F9908A-3A59-4F11-BA74-73239426E313}.ContestQsoSql2012Rel|Any CPU.ActiveCfg = ContestQsoSql2012Rel|Any CPU
		{47F9908A-3A59-4F11-BA74-73239426E313}.ContestQsoSql2012Rel|Any CPU.Build.0 = ContestQsoSql2012Rel|Any CPU
		{47F9908A-3A59-4F11-BA74-73239426E313}.ContestQsoSql2012Rel|x86.ActiveCfg = ContestQsoSql2012Rel|Any CPU
		{47F9908A-3A59-4F11-BA74-73239426E313}.Debug|Any CPU.ActiveCfg = Debug|Any CPU
		{47F9908A-3A59-4F11-BA74-73239426E313}.Debug|Any CPU.Build.0 = Debug|Any CPU
		{47F9908A-3A59-4F11-BA74-73239426E313}.Debug|x86.ActiveCfg = Debug|Any CPU
		{47F9908A-3A59-4F11-BA74-73239426E313}.Release|Any CPU.ActiveCfg = Release|Any CPU
		{47F9908A-3A59-4F11-BA74-73239426E313}.Release|Any CPU.Build.0 = Release|Any CPU
		{47F9908A-3A59-4F11-BA74-73239426E313}.Release|x86.ActiveCfg = Release|Any CPU
		{C6E19EB6-8334-4D08-811A-2742701628E7}.ContestQso1n1Debug|Any CPU.ActiveCfg = ContestQso1n1Debug|Any CPU
		{C6E19EB6-8334-4D08-811A-2742701628E7}.ContestQso1n1Debug|Any CPU.Build.0 = ContestQso1n1Debug|Any CPU
		{C6E19EB6-8334-4D08-811A-2742701628E7}.ContestQso1n1Debug|x86.ActiveCfg = ContestQso1n1Debug|Any CPU
		{C6E19EB6-8334-4D08-811A-2742701628E7}.ContestQsoDebug|Any CPU.ActiveCfg = ContestQsoDebug|Any CPU
		{C6E19EB6-8334-4D08-811A-2742701628E7}.ContestQsoDebug|Any CPU.Build.0 = ContestQsoDebug|Any CPU
		{C6E19EB6-8334-4D08-811A-2742701628E7}.ContestQsoDebug|x86.ActiveCfg = ContestQsoDebug|Any CPU
		{C6E19EB6-8334-4D08-811A-2742701628E7}.ContestQsoRelease|Any CPU.ActiveCfg = ContestQsoRelease|Any CPU
		{C6E19EB6-8334-4D08-811A-2742701628E7}.ContestQsoRelease|Any CPU.Build.0 = ContestQsoRelease|Any CPU
		{C6E19EB6-8334-4D08-811A-2742701628E7}.ContestQsoRelease|x86.ActiveCfg = ContestQsoRelease|Any CPU
		{C6E19EB6-8334-4D08-811A-2742701628E7}.ContestQsoSql2012|Any CPU.ActiveCfg = ContestQsoSql2012|Any CPU
		{C6E19EB6-8334-4D08-811A-2742701628E7}.ContestQsoSql2012|Any CPU.Build.0 = ContestQsoSql2012|Any CPU
		{C6E19EB6-8334-4D08-811A-2742701628E7}.ContestQsoSql2012|x86.ActiveCfg = ContestQsoSql2012|Any CPU
		{C6E19EB6-8334-4D08-811A-2742701628E7}.ContestQsoSql2012Rel|Any CPU.ActiveCfg = ContestQsoSql2012Rel|Any CPU
		{C6E19EB6-8334-4D08-811A-2742701628E7}.ContestQsoSql2012Rel|Any CPU.Build.0 = ContestQsoSql2012Rel|Any CPU
		{C6E19EB6-8334-4D08-811A-2742701628E7}.ContestQsoSql2012Rel|x86.ActiveCfg = ContestQsoSql2012Rel|Any CPU
		{C6E19EB6-8334-4D08-811A-2742701628E7}.Debug|Any CPU.ActiveCfg = Debug|Any CPU
		{C6E19EB6-8334-4D08-811A-2742701628E7}.Debug|Any CPU.Build.0 = Debug|Any CPU
		{C6E19EB6-8334-4D08-811A-2742701628E7}.Debug|x86.ActiveCfg = Debug|Any CPU
		{C6E19EB6-8334-4D08-811A-2742701628E7}.Release|Any CPU.ActiveCfg = Release|Any CPU
		{C6E19EB6-8334-4D08-811A-2742701628E7}.Release|Any CPU.Build.0 = Release|Any CPU
		{C6E19EB6-8334-4D08-811A-2742701628E7}.Release|x86.ActiveCfg = Release|Any CPU
		{816AA619-9AC6-441F-80BA-D155904BCB1D}.ContestQso1n1Debug|Any CPU.ActiveCfg = ContestQso1n1Debug|Any CPU
		{816AA619-9AC6-441F-80BA-D155904BCB1D}.ContestQso1n1Debug|Any CPU.Build.0 = ContestQso1n1Debug|Any CPU
		{816AA619-9AC6-441F-80BA-D155904BCB1D}.ContestQso1n1Debug|x86.ActiveCfg = ContestQso1n1Debug|Any CPU
		{816AA619-9AC6-441F-80BA-D155904BCB1D}.ContestQsoDebug|Any CPU.ActiveCfg = ContestQsoDebug|Any CPU
		{816AA619-9AC6-441F-80BA-D155904BCB1D}.ContestQsoDebug|Any CPU.Build.0 = ContestQsoDebug|Any CPU
		{816AA619-9AC6-441F-80BA-D155904BCB1D}.ContestQsoDebug|x86.ActiveCfg = ContestQsoDebug|Any CPU
		{816AA619-9AC6-441F-80BA-D155904BCB1D}.ContestQsoRelease|Any CPU.ActiveCfg = ContestQsoRelease|Any CPU
		{816AA619-9AC6-441F-80BA-D155904BCB1D}.ContestQsoRelease|Any CPU.Build.0 = ContestQsoRelease|Any CPU
		{816AA619-9AC6-441F-80BA-D155904BCB1D}.ContestQsoRelease|x86.ActiveCfg = ContestQsoRelease|Any CPU
		{816AA619-9AC6-441F-80BA-D155904BCB1D}.ContestQsoSql2012|Any CPU.ActiveCfg = ContestQsoSql2012|Any CPU
		{816AA619-9AC6-441F-80BA-D155904BCB1D}.ContestQsoSql2012|Any CPU.Build.0 = ContestQsoSql2012|Any CPU
		{816AA619-9AC6-441F-80BA-D155904BCB1D}.ContestQsoSql2012|x86.ActiveCfg = ContestQsoSql2012|Any CPU
		{816AA619-9AC6-441F-80BA-D155904BCB1D}.ContestQsoSql2012Rel|Any CPU.ActiveCfg = ContestQsoSql2012Rel|Any CPU
		{816AA619-9AC6-441F-80BA-D155904BCB1D}.ContestQsoSql2012Rel|Any CPU.Build.0 = ContestQsoSql2012Rel|Any CPU
		{816AA619-9AC6-441F-80BA-D155904BCB1D}.ContestQsoSql2012Rel|x86.ActiveCfg = ContestQsoSql2012Rel|Any CPU
		{816AA619-9AC6-441F-80BA-D155904BCB1D}.Debug|Any CPU.ActiveCfg = Debug|Any CPU
		{816AA619-9AC6-441F-80BA-D155904BCB1D}.Debug|Any CPU.Build.0 = Debug|Any CPU
		{816AA619-9AC6-441F-80BA-D155904BCB1D}.Debug|x86.ActiveCfg = Debug|Any CPU
		{816AA619-9AC6-441F-80BA-D155904BCB1D}.Release|Any CPU.ActiveCfg = Release|Any CPU
		{816AA619-9AC6-441F-80BA-D155904BCB1D}.Release|Any CPU.Build.0 = Release|Any CPU
		{816AA619-9AC6-441F-80BA-D155904BCB1D}.Release|x86.ActiveCfg = Release|Any CPU
		{BE14DC55-A8F1-4DB8-B009-BCC9B3599BF0}.ContestQso1n1Debug|Any CPU.ActiveCfg = ContestQso1n1Debug|Any CPU
		{BE14DC55-A8F1-4DB8-B009-BCC9B3599BF0}.ContestQso1n1Debug|Any CPU.Build.0 = ContestQso1n1Debug|Any CPU
		{BE14DC55-A8F1-4DB8-B009-BCC9B3599BF0}.ContestQso1n1Debug|x86.ActiveCfg = ContestQso1n1Debug|Any CPU
		{BE14DC55-A8F1-4DB8-B009-BCC9B3599BF0}.ContestQsoDebug|Any CPU.ActiveCfg = ContestQsoDebug|Any CPU
		{BE14DC55-A8F1-4DB8-B009-BCC9B3599BF0}.ContestQsoDebug|Any CPU.Build.0 = ContestQsoDebug|Any CPU
		{BE14DC55-A8F1-4DB8-B009-BCC9B3599BF0}.ContestQsoDebug|x86.ActiveCfg = ContestQsoDebug|Any CPU
		{BE14DC55-A8F1-4DB8-B009-BCC9B3599BF0}.ContestQsoRelease|Any CPU.ActiveCfg = ContestQsoRelease|Any CPU
		{BE14DC55-A8F1-4DB8-B009-BCC9B3599BF0}.ContestQsoRelease|Any CPU.Build.0 = ContestQsoRelease|Any CPU
		{BE14DC55-A8F1-4DB8-B009-BCC9B3599BF0}.ContestQsoRelease|x86.ActiveCfg = ContestQsoRelease|Any CPU
		{BE14DC55-A8F1-4DB8-B009-BCC9B3599BF0}.ContestQsoSql2012|Any CPU.ActiveCfg = ContestQsoSql2012|Any CPU
		{BE14DC55-A8F1-4DB8-B009-BCC9B3599BF0}.ContestQsoSql2012|Any CPU.Build.0 = ContestQsoSql2012|Any CPU
		{BE14DC55-A8F1-4DB8-B009-BCC9B3599BF0}.ContestQsoSql2012|x86.ActiveCfg = ContestQsoSql2012|Any CPU
		{BE14DC55-A8F1-4DB8-B009-BCC9B3599BF0}.ContestQsoSql2012Rel|Any CPU.ActiveCfg = ContestQsoSql2012Rel|Any CPU
		{BE14DC55-A8F1-4DB8-B009-BCC9B3599BF0}.ContestQsoSql2012Rel|Any CPU.Build.0 = ContestQsoSql2012Rel|Any CPU
		{BE14DC55-A8F1-4DB8-B009-BCC9B3599BF0}.ContestQsoSql2012Rel|x86.ActiveCfg = ContestQsoSql2012Rel|Any CPU
		{BE14DC55-A8F1-4DB8-B009-BCC9B3599BF0}.Debug|Any CPU.ActiveCfg = Debug|Any CPU
		{BE14DC55-A8F1-4DB8-B009-BCC9B3599BF0}.Debug|Any CPU.Build.0 = Debug|Any CPU
		{BE14DC55-A8F1-4DB8-B009-BCC9B3599BF0}.Debug|x86.ActiveCfg = Debug|Any CPU
		{BE14DC55-A8F1-4DB8-B009-BCC9B3599BF0}.Release|Any CPU.ActiveCfg = Release|Any CPU
		{BE14DC55-A8F1-4DB8-B009-BCC9B3599BF0}.Release|Any CPU.Build.0 = Release|Any CPU
		{BE14DC55-A8F1-4DB8-B009-BCC9B3599BF0}.Release|x86.ActiveCfg = Release|Any CPU
		{B3A00FCF-B6BC-4269-B75A-EDD91480D7AA}.ContestQso1n1Debug|Any CPU.ActiveCfg = ContestQso1n1Debug|Any CPU
		{B3A00FCF-B6BC-4269-B75A-EDD91480D7AA}.ContestQso1n1Debug|Any CPU.Build.0 = ContestQso1n1Debug|Any CPU
		{B3A00FCF-B6BC-4269-B75A-EDD91480D7AA}.ContestQso1n1Debug|x86.ActiveCfg = ContestQso1n1Debug|Any CPU
		{B3A00FCF-B6BC-4269-B75A-EDD91480D7AA}.ContestQsoDebug|Any CPU.ActiveCfg = ContestQsoDebug|Any CPU
		{B3A00FCF-B6BC-4269-B75A-EDD91480D7AA}.ContestQsoDebug|Any CPU.Build.0 = ContestQsoDebug|Any CPU
		{B3A00FCF-B6BC-4269-B75A-EDD91480D7AA}.ContestQsoDebug|x86.ActiveCfg = ContestQsoDebug|Any CPU
		{B3A00FCF-B6BC-4269-B75A-EDD91480D7AA}.ContestQsoRelease|Any CPU.ActiveCfg = ContestQsoRelease|Any CPU
		{B3A00FCF-B6BC-4269-B75A-EDD91480D7AA}.ContestQsoRelease|Any CPU.Build.0 = ContestQsoRelease|Any CPU
		{B3A00FCF-B6BC-4269-B75A-EDD91480D7AA}.ContestQsoRelease|x86.ActiveCfg = ContestQsoRelease|Any CPU
		{B3A00FCF-B6BC-4269-B75A-EDD91480D7AA}.ContestQsoSql2012|Any CPU.ActiveCfg = ContestQsoSql2012|Any CPU
		{B3A00FCF-B6BC-4269-B75A-EDD91480D7AA}.ContestQsoSql2012|Any CPU.Build.0 = ContestQsoSql2012|Any CPU
		{B3A00FCF-B6BC-4269-B75A-EDD91480D7AA}.ContestQsoSql2012|x86.ActiveCfg = ContestQsoSql2012|Any CPU
		{B3A00FCF-B6BC-4269-B75A-EDD91480D7AA}.ContestQsoSql2012Rel|Any CPU.ActiveCfg = ContestQsoSql2012Rel|Any CPU
		{B3A00FCF-B6BC-4269-B75A-EDD91480D7AA}.ContestQsoSql2012Rel|Any CPU.Build.0 = ContestQsoSql2012Rel|Any CPU
		{B3A00FCF-B6BC-4269-B75A-EDD91480D7AA}.ContestQsoSql2012Rel|x86.ActiveCfg = ContestQsoSql2012Rel|Any CPU
		{B3A00FCF-B6BC-4269-B75A-EDD91480D7AA}.Debug|Any CPU.ActiveCfg = Debug|Any CPU
		{B3A00FCF-B6BC-4269-B75A-EDD91480D7AA}.Debug|Any CPU.Build.0 = Debug|Any CPU
		{B3A00FCF-B6BC-4269-B75A-EDD91480D7AA}.Debug|x86.ActiveCfg = Debug|Any CPU
		{B3A00FCF-B6BC-4269-B75A-EDD91480D7AA}.Release|Any CPU.ActiveCfg = Release|Any CPU
		{B3A00FCF-B6BC-4269-B75A-EDD91480D7AA}.Release|Any CPU.Build.0 = Release|Any CPU
		{B3A00FCF-B6BC-4269-B75A-EDD91480D7AA}.Release|x86.ActiveCfg = Release|Any CPU
		{C9B82E82-EC99-4E4F-A91A-030943ED87A9}.ContestQso1n1Debug|Any CPU.ActiveCfg = ContestQso1n1Debug|Any CPU
		{C9B82E82-EC99-4E4F-A91A-030943ED87A9}.ContestQso1n1Debug|Any CPU.Build.0 = ContestQso1n1Debug|Any CPU
		{C9B82E82-EC99-4E4F-A91A-030943ED87A9}.ContestQso1n1Debug|x86.ActiveCfg = ContestQso1n1Debug|Any CPU
		{C9B82E82-EC99-4E4F-A91A-030943ED87A9}.ContestQsoDebug|Any CPU.ActiveCfg = ContestQsoDebug|Any CPU
		{C9B82E82-EC99-4E4F-A91A-030943ED87A9}.ContestQsoDebug|Any CPU.Build.0 = ContestQsoDebug|Any CPU
		{C9B82E82-EC99-4E4F-A91A-030943ED87A9}.ContestQsoDebug|x86.ActiveCfg = ContestQsoDebug|Any CPU
		{C9B82E82-EC99-4E4F-A91A-030943ED87A9}.ContestQsoRelease|Any CPU.ActiveCfg = ContestQsoRelease|Any CPU
		{C9B82E82-EC99-4E4F-A91A-030943ED87A9}.ContestQsoRelease|Any CPU.Build.0 = ContestQsoRelease|Any CPU
		{C9B82E82-EC99-4E4F-A91A-030943ED87A9}.ContestQsoRelease|x86.ActiveCfg = ContestQsoRelease|Any CPU
		{C9B82E82-EC99-4E4F-A91A-030943ED87A9}.ContestQsoSql2012|Any CPU.ActiveCfg = ContestQsoSql2012|Any CPU
		{C9B82E82-EC99-4E4F-A91A-030943ED87A9}.ContestQsoSql2012|Any CPU.Build.0 = ContestQsoSql2012|Any CPU
		{C9B82E82-EC99-4E4F-A91A-030943ED87A9}.ContestQsoSql2012|x86.ActiveCfg = ContestQsoSql2012|Any CPU
		{C9B82E82-EC99-4E4F-A91A-030943ED87A9}.ContestQsoSql2012Rel|Any CPU.ActiveCfg = ContestQsoSql2012Rel|Any CPU
		{C9B82E82-EC99-4E4F-A91A-030943ED87A9}.ContestQsoSql2012Rel|Any CPU.Build.0 = ContestQsoSql2012Rel|Any CPU
		{C9B82E82-EC99-4E4F-A91A-030943ED87A9}.ContestQsoSql2012Rel|x86.ActiveCfg = ContestQsoSql2012Rel|Any CPU
		{C9B82E82-EC99-4E4F-A91A-030943ED87A9}.Debug|Any CPU.ActiveCfg = Debug|Any CPU
		{C9B82E82-EC99-4E4F-A91A-030943ED87A9}.Debug|Any CPU.Build.0 = Debug|Any CPU
		{C9B82E82-EC99-4E4F-A91A-030943ED87A9}.Debug|x86.ActiveCfg = Debug|Any CPU
		{C9B82E82-EC99-4E4F-A91A-030943ED87A9}.Release|Any CPU.ActiveCfg = Release|Any CPU
		{C9B82E82-EC99-4E4F-A91A-030943ED87A9}.Release|Any CPU.Build.0 = Release|Any CPU
		{C9B82E82-EC99-4E4F-A91A-030943ED87A9}.Release|x86.ActiveCfg = Release|Any CPU
		{575DD511-E5EF-4163-BF97-D3FCFCF14A00}.ContestQso1n1Debug|Any CPU.ActiveCfg = ContestQso1n1Debug|Any CPU
		{575DD511-E5EF-4163-BF97-D3FCFCF14A00}.ContestQso1n1Debug|Any CPU.Build.0 = ContestQso1n1Debug|Any CPU
		{575DD511-E5EF-4163-BF97-D3FCFCF14A00}.ContestQso1n1Debug|x86.ActiveCfg = ContestQso1n1Debug|Any CPU
		{575DD511-E5EF-4163-BF97-D3FCFCF14A00}.ContestQsoDebug|Any CPU.ActiveCfg = ContestQsoDebug|Any CPU
		{575DD511-E5EF-4163-BF97-D3FCFCF14A00}.ContestQsoDebug|Any CPU.Build.0 = ContestQsoDebug|Any CPU
		{575DD511-E5EF-4163-BF97-D3FCFCF14A00}.ContestQsoDebug|x86.ActiveCfg = ContestQsoDebug|Any CPU
		{575DD511-E5EF-4163-BF97-D3FCFCF14A00}.ContestQsoRelease|Any CPU.ActiveCfg = ContestQsoRelease|Any CPU
		{575DD511-E5EF-4163-BF97-D3FCFCF14A00}.ContestQsoRelease|Any CPU.Build.0 = ContestQsoRelease|Any CPU
		{575DD511-E5EF-4163-BF97-D3FCFCF14A00}.ContestQsoRelease|x86.ActiveCfg = ContestQsoRelease|Any CPU
		{575DD511-E5EF-4163-BF97-D3FCFCF14A00}.ContestQsoSql2012|Any CPU.ActiveCfg = ContestQsoSql2012|Any CPU
		{575DD511-E5EF-4163-BF97-D3FCFCF14A00}.ContestQsoSql2012|Any CPU.Build.0 = ContestQsoSql2012|Any CPU
		{575DD511-E5EF-4163-BF97-D3FCFCF14A00}.ContestQsoSql2012|x86.ActiveCfg = ContestQsoSql2012|Any CPU
		{575DD511-E5EF-4163-BF97-D3FCFCF14A00}.ContestQsoSql2012Rel|Any CPU.ActiveCfg = ContestQsoSql2012Rel|Any CPU
		{575DD511-E5EF-4163-BF97-D3FCFCF14A00}.ContestQsoSql2012Rel|Any CPU.Build.0 = ContestQsoSql2012Rel|Any CPU
		{575DD511-E5EF-4163-BF97-D3FCFCF14A00}.ContestQsoSql2012Rel|x86.ActiveCfg = ContestQsoSql2012Rel|Any CPU
		{575DD511-E5EF-4163-BF97-D3FCFCF14A00}.Debug|Any CPU.ActiveCfg = Debug|Any CPU
		{575DD511-E5EF-4163-BF97-D3FCFCF14A00}.Debug|Any CPU.Build.0 = Debug|Any CPU
		{575DD511-E5EF-4163-BF97-D3FCFCF14A00}.Debug|x86.ActiveCfg = Debug|Any CPU
		{575DD511-E5EF-4163-BF97-D3FCFCF14A00}.Release|Any CPU.ActiveCfg = Release|Any CPU
		{575DD511-E5EF-4163-BF97-D3FCFCF14A00}.Release|Any CPU.Build.0 = Release|Any CPU
		{575DD511-E5EF-4163-BF97-D3FCFCF14A00}.Release|x86.ActiveCfg = Release|Any CPU
		{6E682A14-C872-4813-B620-76E108DEA683}.ContestQso1n1Debug|Any CPU.ActiveCfg = ContestQso1n1Debug|Any CPU
		{6E682A14-C872-4813-B620-76E108DEA683}.ContestQso1n1Debug|Any CPU.Build.0 = ContestQso1n1Debug|Any CPU
		{6E682A14-C872-4813-B620-76E108DEA683}.ContestQso1n1Debug|x86.ActiveCfg = ContestQso1n1Debug|x86
		{6E682A14-C872-4813-B620-76E108DEA683}.ContestQso1n1Debug|x86.Build.0 = ContestQso1n1Debug|x86
		{6E682A14-C872-4813-B620-76E108DEA683}.ContestQsoDebug|Any CPU.ActiveCfg = ContestQsoDebug|Any CPU
		{6E682A14-C872-4813-B620-76E108DEA683}.ContestQsoDebug|Any CPU.Build.0 = ContestQsoDebug|Any CPU
		{6E682A14-C872-4813-B620-76E108DEA683}.ContestQsoDebug|x86.ActiveCfg = ContestQsoDebug|x86
		{6E682A14-C872-4813-B620-76E108DEA683}.ContestQsoDebug|x86.Build.0 = ContestQsoDebug|x86
		{6E682A14-C872-4813-B620-76E108DEA683}.ContestQsoRelease|Any CPU.ActiveCfg = ContestQsoRelease|Any CPU
		{6E682A14-C872-4813-B620-76E108DEA683}.ContestQsoRelease|Any CPU.Build.0 = ContestQsoRelease|Any CPU
		{6E682A14-C872-4813-B620-76E108DEA683}.ContestQsoRelease|x86.ActiveCfg = ContestQsoRelease|x86
		{6E682A14-C872-4813-B620-76E108DEA683}.ContestQsoRelease|x86.Build.0 = ContestQsoRelease|x86
		{6E682A14-C872-4813-B620-76E108DEA683}.ContestQsoSql2012|Any CPU.ActiveCfg = ContestQsoSql2012|Any CPU
		{6E682A14-C872-4813-B620-76E108DEA683}.ContestQsoSql2012|Any CPU.Build.0 = ContestQsoSql2012|Any CPU
		{6E682A14-C872-4813-B620-76E108DEA683}.ContestQsoSql2012|x86.ActiveCfg = ContestQsoSql2012|x86
		{6E682A14-C872-4813-B620-76E108DEA683}.ContestQsoSql2012|x86.Build.0 = ContestQsoSql2012|x86
		{6E682A14-C872-4813-B620-76E108DEA683}.ContestQsoSql2012Rel|Any CPU.ActiveCfg = ContestQsoSql2012Rel|Any CPU
		{6E682A14-C872-4813-B620-76E108DEA683}.ContestQsoSql2012Rel|Any CPU.Build.0 = ContestQsoSql2012Rel|Any CPU
		{6E682A14-C872-4813-B620-76E108DEA683}.ContestQsoSql2012Rel|x86.ActiveCfg = ContestQsoSql2012Rel|x86
		{6E682A14-C872-4813-B620-76E108DEA683}.ContestQsoSql2012Rel|x86.Build.0 = ContestQsoSql2012Rel|x86
		{6E682A14-C872-4813-B620-76E108DEA683}.Debug|Any CPU.ActiveCfg = Debug|Any CPU
		{6E682A14-C872-4813-B620-76E108DEA683}.Debug|Any CPU.Build.0 = Debug|Any CPU
		{6E682A14-C872-4813-B620-76E108DEA683}.Debug|x86.ActiveCfg = Debug|x86
		{6E682A14-C872-4813-B620-76E108DEA683}.Debug|x86.Build.0 = Debug|x86
		{6E682A14-C872-4813-B620-76E108DEA683}.Release|Any CPU.ActiveCfg = Release|Any CPU
		{6E682A14-C872-4813-B620-76E108DEA683}.Release|Any CPU.Build.0 = Release|Any CPU
		{6E682A14-C872-4813-B620-76E108DEA683}.Release|x86.ActiveCfg = Release|x86
		{6E682A14-C872-4813-B620-76E108DEA683}.Release|x86.Build.0 = Release|x86
		{F68A1D19-93FB-47C1-A22B-42BEA3E4FD8C}.ContestQso1n1Debug|Any CPU.ActiveCfg = ContestQso1n1Debug|Any CPU
		{F68A1D19-93FB-47C1-A22B-42BEA3E4FD8C}.ContestQso1n1Debug|Any CPU.Build.0 = ContestQso1n1Debug|Any CPU
		{F68A1D19-93FB-47C1-A22B-42BEA3E4FD8C}.ContestQso1n1Debug|x86.ActiveCfg = ContestQso1n1Debug|Any CPU
		{F68A1D19-93FB-47C1-A22B-42BEA3E4FD8C}.ContestQsoDebug|Any CPU.ActiveCfg = ContestQsoDebug|Any CPU
		{F68A1D19-93FB-47C1-A22B-42BEA3E4FD8C}.ContestQsoDebug|Any CPU.Build.0 = ContestQsoDebug|Any CPU
		{F68A1D19-93FB-47C1-A22B-42BEA3E4FD8C}.ContestQsoDebug|x86.ActiveCfg = ContestQsoDebug|Any CPU
		{F68A1D19-93FB-47C1-A22B-42BEA3E4FD8C}.ContestQsoRelease|Any CPU.ActiveCfg = ContestQsoRelease|Any CPU
		{F68A1D19-93FB-47C1-A22B-42BEA3E4FD8C}.ContestQsoRelease|Any CPU.Build.0 = ContestQsoRelease|Any CPU
		{F68A1D19-93FB-47C1-A22B-42BEA3E4FD8C}.ContestQsoRelease|x86.ActiveCfg = ContestQsoRelease|Any CPU
		{F68A1D19-93FB-47C1-A22B-42BEA3E4FD8C}.ContestQsoSql2012|Any CPU.ActiveCfg = ContestQsoSql2012|Any CPU
		{F68A1D19-93FB-47C1-A22B-42BEA3E4FD8C}.ContestQsoSql2012|Any CPU.Build.0 = ContestQsoSql2012|Any CPU
		{F68A1D19-93FB-47C1-A22B-42BEA3E4FD8C}.ContestQsoSql2012|x86.ActiveCfg = ContestQsoSql2012|Any CPU
		{F68A1D19-93FB-47C1-A22B-42BEA3E4FD8C}.ContestQsoSql2012Rel|Any CPU.ActiveCfg = ContestQsoSql2012Rel|Any CPU
		{F68A1D19-93FB-47C1-A22B-42BEA3E4FD8C}.ContestQsoSql2012Rel|Any CPU.Build.0 = ContestQsoSql2012Rel|Any CPU
		{F68A1D19-93FB-47C1-A22B-42BEA3E4FD8C}.ContestQsoSql2012Rel|x86.ActiveCfg = ContestQsoSql2012Rel|Any CPU
		{F68A1D19-93FB-47C1-A22B-42BEA3E4FD8C}.Debug|Any CPU.ActiveCfg = Debug|Any CPU
		{F68A1D19-93FB-47C1-A22B-42BEA3E4FD8C}.Debug|Any CPU.Build.0 = Debug|Any CPU
		{F68A1D19-93FB-47C1-A22B-42BEA3E4FD8C}.Debug|x86.ActiveCfg = Debug|Any CPU
		{F68A1D19-93FB-47C1-A22B-42BEA3E4FD8C}.Release|Any CPU.ActiveCfg = Release|Any CPU
		{F68A1D19-93FB-47C1-A22B-42BEA3E4FD8C}.Release|Any CPU.Build.0 = Release|Any CPU
		{F68A1D19-93FB-47C1-A22B-42BEA3E4FD8C}.Release|x86.ActiveCfg = Release|Any CPU
		{14B91C4E-7B93-42C8-AFB1-D7983E7AD6A3}.ContestQso1n1Debug|Any CPU.ActiveCfg = ContestQso1n1Debug|Any CPU
		{14B91C4E-7B93-42C8-AFB1-D7983E7AD6A3}.ContestQso1n1Debug|Any CPU.Build.0 = ContestQso1n1Debug|Any CPU
		{14B91C4E-7B93-42C8-AFB1-D7983E7AD6A3}.ContestQso1n1Debug|x86.ActiveCfg = ContestQso1n1Debug|Any CPU
		{14B91C4E-7B93-42C8-AFB1-D7983E7AD6A3}.ContestQsoDebug|Any CPU.ActiveCfg = ContestQsoDebug|Any CPU
		{14B91C4E-7B93-42C8-AFB1-D7983E7AD6A3}.ContestQsoDebug|Any CPU.Build.0 = ContestQsoDebug|Any CPU
		{14B91C4E-7B93-42C8-AFB1-D7983E7AD6A3}.ContestQsoDebug|x86.ActiveCfg = ContestQsoDebug|Any CPU
		{14B91C4E-7B93-42C8-AFB1-D7983E7AD6A3}.ContestQsoRelease|Any CPU.ActiveCfg = ContestQsoRelease|Any CPU
		{14B91C4E-7B93-42C8-AFB1-D7983E7AD6A3}.ContestQsoRelease|Any CPU.Build.0 = ContestQsoRelease|Any CPU
		{14B91C4E-7B93-42C8-AFB1-D7983E7AD6A3}.ContestQsoRelease|x86.ActiveCfg = ContestQsoRelease|Any CPU
		{14B91C4E-7B93-42C8-AFB1-D7983E7AD6A3}.ContestQsoSql2012|Any CPU.ActiveCfg = ContestQsoSql2012|Any CPU
		{14B91C4E-7B93-42C8-AFB1-D7983E7AD6A3}.ContestQsoSql2012|Any CPU.Build.0 = ContestQsoSql2012|Any CPU
		{14B91C4E-7B93-42C8-AFB1-D7983E7AD6A3}.ContestQsoSql2012|x86.ActiveCfg = ContestQsoSql2012|Any CPU
		{14B91C4E-7B93-42C8-AFB1-D7983E7AD6A3}.ContestQsoSql2012Rel|Any CPU.ActiveCfg = ContestQsoSql2012Rel|Any CPU
		{14B91C4E-7B93-42C8-AFB1-D7983E7AD6A3}.ContestQsoSql2012Rel|Any CPU.Build.0 = ContestQsoSql2012Rel|Any CPU
		{14B91C4E-7B93-42C8-AFB1-D7983E7AD6A3}.ContestQsoSql2012Rel|x86.ActiveCfg = ContestQsoSql2012Rel|Any CPU
		{14B91C4E-7B93-42C8-AFB1-D7983E7AD6A3}.Debug|Any CPU.ActiveCfg = Debug|Any CPU
		{14B91C4E-7B93-42C8-AFB1-D7983E7AD6A3}.Debug|Any CPU.Build.0 = Debug|Any CPU
		{14B91C4E-7B93-42C8-AFB1-D7983E7AD6A3}.Debug|x86.ActiveCfg = Debug|Any CPU
		{14B91C4E-7B93-42C8-AFB1-D7983E7AD6A3}.Release|Any CPU.ActiveCfg = Release|Any CPU
		{14B91C4E-7B93-42C8-AFB1-D7983E7AD6A3}.Release|Any CPU.Build.0 = Release|Any CPU
		{14B91C4E-7B93-42C8-AFB1-D7983E7AD6A3}.Release|x86.ActiveCfg = Release|Any CPU
		{D0FF7B8B-5F4F-49D2-9940-E6948653D70E}.ContestQso1n1Debug|Any CPU.ActiveCfg = ContestQso1n1Debug|Any CPU
		{D0FF7B8B-5F4F-49D2-9940-E6948653D70E}.ContestQso1n1Debug|Any CPU.Build.0 = ContestQso1n1Debug|Any CPU
		{D0FF7B8B-5F4F-49D2-9940-E6948653D70E}.ContestQso1n1Debug|x86.ActiveCfg = ContestQso1n1Debug|Any CPU
		{D0FF7B8B-5F4F-49D2-9940-E6948653D70E}.ContestQsoDebug|Any CPU.ActiveCfg = ContestQsoDebug|Any CPU
		{D0FF7B8B-5F4F-49D2-9940-E6948653D70E}.ContestQsoDebug|Any CPU.Build.0 = ContestQsoDebug|Any CPU
		{D0FF7B8B-5F4F-49D2-9940-E6948653D70E}.ContestQsoDebug|x86.ActiveCfg = ContestQsoDebug|Any CPU
		{D0FF7B8B-5F4F-49D2-9940-E6948653D70E}.ContestQsoRelease|Any CPU.ActiveCfg = ContestQsoRelease|Any CPU
		{D0FF7B8B-5F4F-49D2-9940-E6948653D70E}.ContestQsoRelease|Any CPU.Build.0 = ContestQsoRelease|Any CPU
		{D0FF7B8B-5F4F-49D2-9940-E6948653D70E}.ContestQsoRelease|x86.ActiveCfg = ContestQsoRelease|Any CPU
		{D0FF7B8B-5F4F-49D2-9940-E6948653D70E}.ContestQsoSql2012|Any CPU.ActiveCfg = ContestQsoSql2012|Any CPU
		{D0FF7B8B-5F4F-49D2-9940-E6948653D70E}.ContestQsoSql2012|Any CPU.Build.0 = ContestQsoSql2012|Any CPU
		{D0FF7B8B-5F4F-49D2-9940-E6948653D70E}.ContestQsoSql2012|x86.ActiveCfg = ContestQsoSql2012|Any CPU
		{D0FF7B8B-5F4F-49D2-9940-E6948653D70E}.ContestQsoSql2012Rel|Any CPU.ActiveCfg = ContestQsoSql2012Rel|Any CPU
		{D0FF7B8B-5F4F-49D2-9940-E6948653D70E}.ContestQsoSql2012Rel|Any CPU.Build.0 = ContestQsoSql2012Rel|Any CPU
		{D0FF7B8B-5F4F-49D2-9940-E6948653D70E}.ContestQsoSql2012Rel|x86.ActiveCfg = ContestQsoSql2012Rel|Any CPU
		{D0FF7B8B-5F4F-49D2-9940-E6948653D70E}.Debug|Any CPU.ActiveCfg = Debug|Any CPU
		{D0FF7B8B-5F4F-49D2-9940-E6948653D70E}.Debug|Any CPU.Build.0 = Debug|Any CPU
		{D0FF7B8B-5F4F-49D2-9940-E6948653D70E}.Debug|x86.ActiveCfg = Debug|Any CPU
		{D0FF7B8B-5F4F-49D2-9940-E6948653D70E}.Release|Any CPU.ActiveCfg = Release|Any CPU
		{D0FF7B8B-5F4F-49D2-9940-E6948653D70E}.Release|Any CPU.Build.0 = Release|Any CPU
		{D0FF7B8B-5F4F-49D2-9940-E6948653D70E}.Release|x86.ActiveCfg = Release|Any CPU
		{413B4310-D3BC-4239-AD69-3048497426D4}.ContestQso1n1Debug|Any CPU.ActiveCfg = ContestQso1n1Debug|Any CPU
		{413B4310-D3BC-4239-AD69-3048497426D4}.ContestQso1n1Debug|Any CPU.Build.0 = ContestQso1n1Debug|Any CPU
		{413B4310-D3BC-4239-AD69-3048497426D4}.ContestQso1n1Debug|x86.ActiveCfg = ContestQso1n1Debug|Any CPU
		{413B4310-D3BC-4239-AD69-3048497426D4}.ContestQsoDebug|Any CPU.ActiveCfg = ContestQsoDebug|Any CPU
		{413B4310-D3BC-4239-AD69-3048497426D4}.ContestQsoDebug|Any CPU.Build.0 = ContestQsoDebug|Any CPU
		{413B4310-D3BC-4239-AD69-3048497426D4}.ContestQsoDebug|x86.ActiveCfg = ContestQsoDebug|Any CPU
		{413B4310-D3BC-4239-AD69-3048497426D4}.ContestQsoRelease|Any CPU.ActiveCfg = ContestQsoRelease|Any CPU
		{413B4310-D3BC-4239-AD69-3048497426D4}.ContestQsoRelease|Any CPU.Build.0 = ContestQsoRelease|Any CPU
		{413B4310-D3BC-4239-AD69-3048497426D4}.ContestQsoRelease|x86.ActiveCfg = ContestQsoRelease|Any CPU
		{413B4310-D3BC-4239-AD69-3048497426D4}.ContestQsoSql2012|Any CPU.ActiveCfg = ContestQsoSql2012|Any CPU
		{413B4310-D3BC-4239-AD69-3048497426D4}.ContestQsoSql2012|Any CPU.Build.0 = ContestQsoSql2012|Any CPU
		{413B4310-D3BC-4239-AD69-3048497426D4}.ContestQsoSql2012|x86.ActiveCfg = ContestQsoSql2012|Any CPU
		{413B4310-D3BC-4239-AD69-3048497426D4}.ContestQsoSql2012Rel|Any CPU.ActiveCfg = ContestQsoSql2012Rel|Any CPU
		{413B4310-D3BC-4239-AD69-3048497426D4}.ContestQsoSql2012Rel|Any CPU.Build.0 = ContestQsoSql2012Rel|Any CPU
		{413B4310-D3BC-4239-AD69-3048497426D4}.ContestQsoSql2012Rel|x86.ActiveCfg = ContestQsoSql2012Rel|Any CPU
		{413B4310-D3BC-4239-AD69-3048497426D4}.Debug|Any CPU.ActiveCfg = Debug|Any CPU
		{413B4310-D3BC-4239-AD69-3048497426D4}.Debug|Any CPU.Build.0 = Debug|Any CPU
		{413B4310-D3BC-4239-AD69-3048497426D4}.Debug|x86.ActiveCfg = Debug|Any CPU
		{413B4310-D3BC-4239-AD69-3048497426D4}.Release|Any CPU.ActiveCfg = Release|Any CPU
		{413B4310-D3BC-4239-AD69-3048497426D4}.Release|Any CPU.Build.0 = Release|Any CPU
		{413B4310-D3BC-4239-AD69-3048497426D4}.Release|x86.ActiveCfg = Release|Any CPU
	EndGlobalSection
	GlobalSection(SolutionProperties) = preSolution
		HideSolutionNode = FALSE
	EndGlobalSection
	GlobalSection(NestedProjects) = preSolution
		{575DD511-E5EF-4163-BF97-D3FCFCF14A00} = {66B97AC5-4443-4D62-A561-113238C6B3F6}
		{6E682A14-C872-4813-B620-76E108DEA683} = {66B97AC5-4443-4D62-A561-113238C6B3F6}
		{F68A1D19-93FB-47C1-A22B-42BEA3E4FD8C} = {66B97AC5-4443-4D62-A561-113238C6B3F6}
		{14B91C4E-7B93-42C8-AFB1-D7983E7AD6A3} = {66B97AC5-4443-4D62-A561-113238C6B3F6}
		{413B4310-D3BC-4239-AD69-3048497426D4} = {66B97AC5-4443-4D62-A561-113238C6B3F6}
	EndGlobalSection
EndGlobal
